
Microsoft Visual Studio Solution File, Format Version 12.00
# Visual Studio 15
VisualStudioVersion = 15.0.28307.645
MinimumVisualStudioVersion = 10.0.40219.1
Project("{9A19103F-16F7-4668-BE54-9A1E7A4F7556}") = "Api1", "Api1\Api1.csproj", "{23E5C433-B666-4374-97B8-C8794172AA7E}"
EndProject
Project("{9A19103F-16F7-4668-BE54-9A1E7A4F7556}") = "Api2", "Api2\Api2.csproj", "{99DDBAEE-9997-430A-BB49-F962188D18B5}"
EndProject
Project("{9A19103F-16F7-4668-BE54-9A1E7A4F7556}") = "UnitTests", "UnitTests\UnitTests.csproj", "{B2DA04D5-870F-4BA4-B78F-20DEABCF2970}"
EndProject
Project("{9A19103F-16F7-4668-BE54-9A1E7A4F7556}") = "ApiApplication", "ApiApplication\ApiApplication.csproj", "{14874552-E111-4546-AA94-7CAA48EED29C}"
EndProject
Project("{9A19103F-16F7-4668-BE54-9A1E7A4F7556}") = "ApiDomain", "ApiDomain\ApiDomain.csproj", "{2694D0EC-5E2D-445B-8777-3644E750D8C8}"
EndProject
Project("{9A19103F-16F7-4668-BE54-9A1E7A4F7556}") = "IntegrationTests", "IntegrationTests\IntegrationTests.csproj", "{E24388E0-280C-40C4-B85B-3A77BBA64149}"
EndProject
Project("{2150E333-8FDC-42A3-9474-1A3956D46DE8}") = "5 - Tests", "5 - Tests", "{04EE196E-30B6-4DE1-8BF4-840ABD26F323}"
EndProject
Project("{2150E333-8FDC-42A3-9474-1A3956D46DE8}") = "1 - Apis", "1 - Apis", "{2AE2D91A-3C9E-4D23-844B-84C5DB7B7219}"
EndProject
Project("{2150E333-8FDC-42A3-9474-1A3956D46DE8}") = "2 - Application", "2 - Application", "{A7041E52-03BE-4B46-94FF-C78B3AD185B4}"
EndProject
Project("{2150E333-8FDC-42A3-9474-1A3956D46DE8}") = "3 - Domain", "3 - Domain", "{FF6E4FF1-B54B-48FC-BCCA-B5DF774EBB9E}"
EndProject
Project("{2150E333-8FDC-42A3-9474-1A3956D46DE8}") = "4 - Infra", "4 - Infra", "{213CC1E7-AE55-4145-B38F-D97079D3490B}"
EndProject
Project("{FAE04EC0-301F-11D3-BF4B-00C04F79EFBC}") = "Infra", "Infra\Infra.csproj", "{D5967DA3-F931-4EB1-8143-92087A5AABA8}"
EndProject
Global
	GlobalSection(SolutionConfigurationPlatforms) = preSolution
		Debug|Any CPU = Debug|Any CPU
		Release|Any CPU = Release|Any CPU
	EndGlobalSection
	GlobalSection(ProjectConfigurationPlatforms) = postSolution
		{23E5C433-B666-4374-97B8-C8794172AA7E}.Debug|Any CPU.ActiveCfg = Debug|Any CPU
		{23E5C433-B666-4374-97B8-C8794172AA7E}.Debug|Any CPU.Build.0 = Debug|Any CPU
		{23E5C433-B666-4374-97B8-C8794172AA7E}.Release|Any CPU.ActiveCfg = Release|Any CPU
		{23E5C433-B666-4374-97B8-C8794172AA7E}.Release|Any CPU.Build.0 = Release|Any CPU
		{99DDBAEE-9997-430A-BB49-F962188D18B5}.Debug|Any CPU.ActiveCfg = Debug|Any CPU
		{99DDBAEE-9997-430A-BB49-F962188D18B5}.Debug|Any CPU.Build.0 = Debug|Any CPU
		{99DDBAEE-9997-430A-BB49-F962188D18B5}.Release|Any CPU.ActiveCfg = Release|Any CPU
		{99DDBAEE-9997-430A-BB49-F962188D18B5}.Release|Any CPU.Build.0 = Release|Any CPU
		{B2DA04D5-870F-4BA4-B78F-20DEABCF2970}.Debug|Any CPU.ActiveCfg = Debug|Any CPU
		{B2DA04D5-870F-4BA4-B78F-20DEABCF2970}.Debug|Any CPU.Build.0 = Debug|Any CPU
		{B2DA04D5-870F-4BA4-B78F-20DEABCF2970}.Release|Any CPU.ActiveCfg = Release|Any CPU
		{B2DA04D5-870F-4BA4-B78F-20DEABCF2970}.Release|Any CPU.Build.0 = Release|Any CPU
		{14874552-E111-4546-AA94-7CAA48EED29C}.Debug|Any CPU.ActiveCfg = Debug|Any CPU
		{14874552-E111-4546-AA94-7CAA48EED29C}.Debug|Any CPU.Build.0 = Debug|Any CPU
		{14874552-E111-4546-AA94-7CAA48EED29C}.Release|Any CPU.ActiveCfg = Release|Any CPU
		{14874552-E111-4546-AA94-7CAA48EED29C}.Release|Any CPU.Build.0 = Release|Any CPU
		{2694D0EC-5E2D-445B-8777-3644E750D8C8}.Debug|Any CPU.ActiveCfg = Debug|Any CPU
		{2694D0EC-5E2D-445B-8777-3644E750D8C8}.Debug|Any CPU.Build.0 = Debug|Any CPU
		{2694D0EC-5E2D-445B-8777-3644E750D8C8}.Release|Any CPU.ActiveCfg = Release|Any CPU
		{2694D0EC-5E2D-445B-8777-3644E750D8C8}.Release|Any CPU.Build.0 = Release|Any CPU
		{E24388E0-280C-40C4-B85B-3A77BBA64149}.Debug|Any CPU.ActiveCfg = Debug|Any CPU
		{E24388E0-280C-40C4-B85B-3A77BBA64149}.Debug|Any CPU.Build.0 = Debug|Any CPU
		{E24388E0-280C-40C4-B85B-3A77BBA64149}.Release|Any CPU.ActiveCfg = Release|Any CPU
		{E24388E0-280C-40C4-B85B-3A77BBA64149}.Release|Any CPU.Build.0 = Release|Any CPU
		{D5967DA3-F931-4EB1-8143-92087A5AABA8}.Debug|Any CPU.ActiveCfg = Debug|Any CPU
		{D5967DA3-F931-4EB1-8143-92087A5AABA8}.Debug|Any CPU.Build.0 = Debug|Any CPU
		{D5967DA3-F931-4EB1-8143-92087A5AABA8}.Release|Any CPU.ActiveCfg = Release|Any CPU
		{D5967DA3-F931-4EB1-8143-92087A5AABA8}.Release|Any CPU.Build.0 = Release|Any CPU
	EndGlobalSection
	GlobalSection(SolutionProperties) = preSolution
		HideSolutionNode = FALSE
	EndGlobalSection
	GlobalSection(NestedProjects) = preSolution
		{23E5C433-B666-4374-97B8-C8794172AA7E} = {2AE2D91A-3C9E-4D23-844B-84C5DB7B7219}
		{99DDBAEE-9997-430A-BB49-F962188D18B5} = {2AE2D91A-3C9E-4D23-844B-84C5DB7B7219}
		{B2DA04D5-870F-4BA4-B78F-20DEABCF2970} = {04EE196E-30B6-4DE1-8BF4-840ABD26F323}
		{14874552-E111-4546-AA94-7CAA48EED29C} = {A7041E52-03BE-4B46-94FF-C78B3AD185B4}
		{2694D0EC-5E2D-445B-8777-3644E750D8C8} = {FF6E4FF1-B54B-48FC-BCCA-B5DF774EBB9E}
		{E24388E0-280C-40C4-B85B-3A77BBA64149} = {04EE196E-30B6-4DE1-8BF4-840ABD26F323}
		{D5967DA3-F931-4EB1-8143-92087A5AABA8} = {213CC1E7-AE55-4145-B38F-D97079D3490B}
	EndGlobalSection
	GlobalSection(ExtensibilityGlobals) = postSolution
		SolutionGuid = {3BFCFEDA-57A8-42E1-9E79-6EDF3001B601}
	EndGlobalSection
EndGlobal
